{
  "name": "s2010_hapi",
  "version": "1.0.0",
  "lockfileVersion": 1,
  "requires": true,
  "dependencies": {
    "accept": {
      "version": "3.0.2",
      "resolved": "https://registry.npmjs.org/accept/-/accept-3.0.2.tgz",
      "integrity": "sha512-bghLXFkCOsC1Y2TZ51etWfKDs6q249SAoHTZVfzWWdlZxoij+mgkj9AmUJWQpDY48TfnrTDIe43Xem4zdMe7mQ==",
      "requires": {
        "boom": "7.2.0",
        "hoek": "5.0.4"
      }
    },
    "ammo": {
      "version": "3.0.1",
      "resolved": "https://registry.npmjs.org/ammo/-/ammo-3.0.1.tgz",
      "integrity": "sha512-4UqoM8xQjwkQ78oiU4NbBK0UgYqeKMAKmwE4ec7Rz3rGU8ZEBFxzgF2sUYKOAlqIXExBDYLN6y1ShF5yQ4hwLQ==",
      "requires": {
        "hoek": "5.0.4"
      }
    },
    "argparse": {
      "version": "1.0.10",
      "resolved": "http://registry.npm.taobao.org/argparse/download/argparse-1.0.10.tgz",
      "integrity": "sha1-vNZ5HqWuCXJeF+WtmIE0zUCz2RE=",
      "requires": {
        "sprintf-js": "1.0.3"
      }
    },
    "async": {
      "version": "2.6.1",
      "resolved": "http://registry.npm.taobao.org/async/download/async-2.6.1.tgz",
      "integrity": "sha1-skWiPKcZMAROxT+kaqAKPofGphA=",
      "requires": {
        "lodash": "4.17.11"
      }
    },
    "b64": {
      "version": "4.0.0",
      "resolved": "https://registry.npmjs.org/b64/-/b64-4.0.0.tgz",
      "integrity": "sha512-EhmUQodKB0sdzPPrbIWbGqA5cQeTWxYrAgNeeT1rLZWtD3tbNTnphz8J4vkXI3cPgBNlXBjzEbzDzq0Nwi4f9A=="
    },
    "big-time": {
      "version": "2.0.1",
      "resolved": "https://registry.npmjs.org/big-time/-/big-time-2.0.1.tgz",
      "integrity": "sha1-aMffjcMPl+lT8lpnp2rJcTwWyd4="
    },
    "boom": {
      "version": "7.2.0",
      "resolved": "https://registry.npmjs.org/boom/-/boom-7.2.0.tgz",
      "integrity": "sha1-K/8kpVVldn/ehp7ICDF+sQxI6WY=",
      "requires": {
        "hoek": "5.0.4"
      }
    },
    "bounce": {
      "version": "1.2.0",
      "resolved": "https://registry.npmjs.org/bounce/-/bounce-1.2.0.tgz",
      "integrity": "sha512-8syCGe8B2/WC53118/F/tFy5aW00j+eaGPXmAUP7iBhxc+EBZZxS1vKelWyBCH6IqojgS2t1gF0glH30qAJKEw==",
      "requires": {
        "boom": "7.2.0",
        "hoek": "5.0.4"
      }
    },
    "buffer-equal-constant-time": {
      "version": "1.0.1",
      "resolved": "https://registry.npmjs.org/buffer-equal-constant-time/-/buffer-equal-constant-time-1.0.1.tgz",
      "integrity": "sha1-+OcRMvf/5uAaXJaXpMbz5I1cyBk="
    },
    "call": {
      "version": "5.0.1",
      "resolved": "https://registry.npmjs.org/call/-/call-5.0.1.tgz",
      "integrity": "sha512-ollfFPSshiuYLp7AsrmpkQJ/PxCi6AzV81rCjBwWhyF2QGyUY/vPDMzoh4aUcWyucheRglG2LaS5qkIEfLRh6A==",
      "requires": {
        "boom": "7.2.0",
        "hoek": "5.0.4"
      }
    },
    "call-me-maybe": {
      "version": "1.0.1",
      "resolved": "http://registry.npm.taobao.org/call-me-maybe/download/call-me-maybe-1.0.1.tgz",
      "integrity": "sha1-JtII6onje1y95gJQoV8DHBak1ms="
    },
    "catbox": {
      "version": "10.0.3",
      "resolved": "https://registry.npmjs.org/catbox/-/catbox-10.0.3.tgz",
      "integrity": "sha512-qwus6RnVctHXYwfxvvDwvlMWHwCjQdIpQQbtyHnRF0JpwmxbQJ/UIZi9y8O6DpphKCdfO9gpxgb2ne9ZDx39BQ==",
      "requires": {
        "boom": "7.2.0",
        "hoek": "5.0.4",
        "joi": "13.6.0"
      }
    },
    "catbox-memory": {
      "version": "3.1.2",
      "resolved": "https://registry.npmjs.org/catbox-memory/-/catbox-memory-3.1.2.tgz",
      "integrity": "sha512-lhWtutLVhsq3Mucxk2McxBPPibJ34WcHuWFz3xqub9u9Ve/IQYpZv3ijLhQXfQped9DXozURiaq9O3aZpP91eg==",
      "requires": {
        "big-time": "2.0.1",
        "boom": "7.2.0",
        "hoek": "5.0.4"
      }
    },
    "commander": {
      "version": "2.17.1",
      "resolved": "http://registry.npm.taobao.org/commander/download/commander-2.17.1.tgz",
      "integrity": "sha1-vXerfebelCBc6sxy8XFtKfIKd78=",
      "optional": true
    },
    "content": {
      "version": "4.0.5",
      "resolved": "https://registry.npmjs.org/content/-/content-4.0.5.tgz",
      "integrity": "sha512-wDP6CTWDpwCf791fNxlCCkZGRkrNzSEU/8ju9Hnr3Uc5mF/gFR5W+fcoGm6zUSlVPdSXYn5pCbySADKj7YM4Cg==",
      "requires": {
        "boom": "7.2.0"
      }
    },
    "cookie": {
      "version": "0.3.1",
      "resolved": "https://registry.npmjs.org/cookie/-/cookie-0.3.1.tgz",
      "integrity": "sha1-5+Ch+e9DtMi6klxcWpboBtFoc7s="
    },
    "cryptiles": {
      "version": "4.1.2",
      "resolved": "https://registry.npmjs.org/cryptiles/-/cryptiles-4.1.2.tgz",
      "integrity": "sha512-U2ALcoAHvA1oO2xOreyHvtkQ+IELqDG2WVWRI1GH/XEmmfGIOalnM5MU5Dd2ITyWfr3m6kNqXiy8XuYyd4wKJw==",
      "requires": {
        "boom": "7.2.0"
      }
    },
    "debug": {
      "version": "3.2.5",
      "resolved": "http://registry.npm.taobao.org/debug/download/debug-3.2.5.tgz",
      "integrity": "sha1-wkGPv9ein01PcP9M6mBNS2TEZAc=",
      "requires": {
        "ms": "2.1.1"
      }
    },
    "ecdsa-sig-formatter": {
      "version": "1.0.10",
      "resolved": "https://registry.npmjs.org/ecdsa-sig-formatter/-/ecdsa-sig-formatter-1.0.10.tgz",
      "integrity": "sha1-HFlQAPBKiJffuFAAiSoPTDOvhsM=",
      "requires": {
        "safe-buffer": "5.1.2"
      }
    },
    "esprima": {
      "version": "4.0.1",
      "resolved": "http://registry.npm.taobao.org/esprima/download/esprima-4.0.1.tgz",
      "integrity": "sha1-E7BM2z5sXRnfkatph6hpVhmwqnE="
    },
    "fast-safe-stringify": {
      "version": "1.2.3",
      "resolved": "http://registry.npm.taobao.org/fast-safe-stringify/download/fast-safe-stringify-1.2.3.tgz",
      "integrity": "sha1-n+IsN/svf4bwa48AQ3fb+PHue8E="
    },
    "format-util": {
      "version": "1.0.3",
      "resolved": "http://registry.npm.taobao.org/format-util/download/format-util-1.0.3.tgz",
      "integrity": "sha1-Ay3KShFiYqEsQ/TD7IVmQWxbLZU="
    },
    "handlebars": {
      "version": "4.0.12",
      "resolved": "http://registry.npm.taobao.org/handlebars/download/handlebars-4.0.12.tgz",
      "integrity": "sha1-LBXIqW1G2l4mZwBRi6jLjZGdW8U=",
      "requires": {
        "async": "2.6.1",
        "optimist": "0.6.1",
        "source-map": "0.6.1",
        "uglify-js": "3.4.9"
      }
    },
    "hapi": {
      "version": "17.5.4",
      "resolved": "https://registry.npmjs.org/hapi/-/hapi-17.5.4.tgz",
      "integrity": "sha512-QyFxYcz96P1ow+54gvaZgI3GTwChJ/PSqc7MkSvVxqGLdrvZ1b5dlv99nifGfHhM1Nac3XgjlFZf64ta5ybYKA==",
      "requires": {
        "accept": "3.0.2",
        "ammo": "3.0.1",
        "boom": "7.2.0",
        "bounce": "1.2.0",
        "call": "5.0.1",
        "catbox": "10.0.3",
        "catbox-memory": "3.1.2",
        "heavy": "6.1.0",
        "hoek": "5.0.4",
        "joi": "13.6.0",
        "mimos": "4.0.0",
        "podium": "3.1.2",
        "shot": "4.0.5",
        "statehood": "6.0.6",
        "subtext": "6.0.7",
        "teamwork": "3.0.1",
        "topo": "3.0.0"
      }
    },
    "hapi-auth-jwt2": {
      "version": "8.1.0",
      "resolved": "https://registry.npmjs.org/hapi-auth-jwt2/-/hapi-auth-jwt2-8.1.0.tgz",
      "integrity": "sha512-Xebbslw5jAPnw+KbxhsuFXV38SxPqtvTYwrSemXZicbRKvIn8p0Ut0MSNmzG6nxpB5Nd4aA0b8U6MCDFd2ElYw==",
      "requires": {
        "boom": "7.2.0",
        "cookie": "0.3.1",
        "jsonwebtoken": "8.3.0"
      }
    },
    "hapi-swagger": {
      "version": "9.1.1",
      "resolved": "http://registry.npm.taobao.org/hapi-swagger/download/hapi-swagger-9.1.1.tgz",
      "integrity": "sha1-MuBs2q9pdPsURavMsMsZEmUFYaw=",
      "requires": {
        "boom": "7.2.0",
        "fast-safe-stringify": "1.2.3",
        "handlebars": "4.0.12",
        "hoek": "5.0.4",
        "http-status": "1.2.0",
        "joi": "13.6.0",
        "json-schema-ref-parser": "4.1.1",
        "swagger-parser": "4.1.0"
      }
    },
    "heavy": {
      "version": "6.1.0",
      "resolved": "https://registry.npmjs.org/heavy/-/heavy-6.1.0.tgz",
      "integrity": "sha512-TKS9DC9NOTGulHQI31Lx+bmeWmNOstbJbGMiN3pX6bF+Zc2GKSpbbym4oasNnB6yPGkqJ9TQXXYDGohqNSJRxA==",
      "requires": {
        "boom": "7.2.0",
        "hoek": "5.0.4",
        "joi": "13.6.0"
      }
    },
    "hoek": {
      "version": "5.0.4",
      "resolved": "https://registry.npmjs.org/hoek/-/hoek-5.0.4.tgz",
      "integrity": "sha512-Alr4ZQgoMlnere5FZJsIyfIjORBqZll5POhDsF4q64dPuJR6rNxXdDxtHSQq8OXRurhmx+PWYEE8bXRROY8h0w=="
    },
    "http-status": {
      "version": "1.2.0",
      "resolved": "http://registry.npm.taobao.org/http-status/download/http-status-1.2.0.tgz",
      "integrity": "sha1-BfKlTJT5TTLYd7OjGuCEeXcrqfE="
    },
    "inert": {
      "version": "5.1.0",
      "resolved": "https://registry.npmjs.org/inert/-/inert-5.1.0.tgz",
      "integrity": "sha512-5rJZbezGEkBN4QrP/HEEwsQ0N+7YzqDZrvBZrE7B0CrNY6I4XKI434aL3UNLCmbI4HzPGQs7Ae/4h1tiTMJ6Wg==",
      "requires": {
        "ammo": "3.0.1",
        "boom": "7.2.0",
        "bounce": "1.2.0",
        "hoek": "5.0.4",
        "joi": "13.6.0",
        "lru-cache": "4.1.3"
      }
    },
    "iron": {
      "version": "5.0.4",
      "resolved": "https://registry.npmjs.org/iron/-/iron-5.0.4.tgz",
      "integrity": "sha512-7iQ5/xFMIYaNt9g2oiNiWdhrOTdRUMFaWENUd0KghxwPUhrIH8DUY8FEyLNTTzf75jaII+jMexLdY/2HfV61RQ==",
      "requires": {
        "boom": "7.2.0",
        "cryptiles": "4.1.2",
        "hoek": "5.0.4"
      }
    },
    "isemail": {
      "version": "3.1.3",
      "resolved": "https://registry.npmjs.org/isemail/-/isemail-3.1.3.tgz",
      "integrity": "sha512-5xbsG5wYADIcB+mfLsd+nst1V/D+I7EU7LEZPo2GOIMu4JzfcRs5yQoypP4avA7QtUqgxYLKBYNv4IdzBmbhdw==",
      "requires": {
        "punycode": "2.1.1"
      }
    },
    "items": {
      "version": "2.1.1",
      "resolved": "http://registry.npm.taobao.org/items/download/items-2.1.1.tgz",
      "integrity": "sha1-i9FtnIOxlSneWuoyGsqtp4NkoZg="
    },
    "joi": {
      "version": "13.6.0",
      "resolved": "https://registry.npmjs.org/joi/-/joi-13.6.0.tgz",
      "integrity": "sha512-E4QB0yRgEa6ZZKcSHJuBC+QeAwy+akCG0Bsa9edLqljyhlr+GuGDSmXYW1q7sj/FuAPy+ECUI3evVtK52tVfwg==",
      "requires": {
        "hoek": "5.0.4",
        "isemail": "3.1.3",
        "topo": "3.0.0"
      }
    },
    "js-yaml": {
      "version": "3.12.0",
      "resolved": "http://registry.npm.taobao.org/js-yaml/download/js-yaml-3.12.0.tgz",
      "integrity": "sha1-6u1lbsg0TxD1J8a/obbiJE3hZ9E=",
      "requires": {
        "argparse": "1.0.10",
        "esprima": "4.0.1"
      }
    },
    "json-schema-ref-parser": {
      "version": "4.1.1",
      "resolved": "http://registry.npm.taobao.org/json-schema-ref-parser/download/json-schema-ref-parser-4.1.1.tgz",
      "integrity": "sha1-95AO/BX2k0MtSsZRncHuCcAapAs=",
      "requires": {
        "call-me-maybe": "1.0.1",
        "debug": "3.2.5",
        "js-yaml": "3.12.0",
        "ono": "4.0.8"
      }
    },
    "jsonwebtoken": {
      "version": "8.3.0",
      "resolved": "https://registry.npmjs.org/jsonwebtoken/-/jsonwebtoken-8.3.0.tgz",
      "integrity": "sha512-oge/hvlmeJCH+iIz1DwcO7vKPkNGJHhgkspk8OH3VKlw+mbi42WtD4ig1+VXRln765vxptAv+xT26Fd3cteqag==",
      "requires": {
        "jws": "3.1.5",
        "lodash.includes": "4.3.0",
        "lodash.isboolean": "3.0.3",
        "lodash.isinteger": "4.0.4",
        "lodash.isnumber": "3.0.3",
        "lodash.isplainobject": "4.0.6",
        "lodash.isstring": "4.0.1",
        "lodash.once": "4.1.1",
        "ms": "2.1.1"
      }
    },
    "jwa": {
      "version": "1.1.6",
      "resolved": "https://registry.npmjs.org/jwa/-/jwa-1.1.6.tgz",
      "integrity": "sha512-tBO/cf++BUsJkYql/kBbJroKOgHWEigTKBAjjBEmrMGYd1QMBC74Hr4Wo2zCZw6ZrVhlJPvoMrkcOnlWR/DJfw==",
      "requires": {
        "buffer-equal-constant-time": "1.0.1",
        "ecdsa-sig-formatter": "1.0.10",
        "safe-buffer": "5.1.2"
      }
    },
    "jws": {
      "version": "3.1.5",
      "resolved": "https://registry.npmjs.org/jws/-/jws-3.1.5.tgz",
      "integrity": "sha512-GsCSexFADNQUr8T5HPJvayTjvPIfoyJPtLQBwn5a4WZQchcrPMPMAWcC1AzJVRDKyD6ZPROPAxgv6rfHViO4uQ==",
      "requires": {
        "jwa": "1.1.6",
        "safe-buffer": "5.1.2"
      }
    },
    "lodash": {
      "version": "4.17.11",
      "resolved": "http://registry.npm.taobao.org/lodash/download/lodash-4.17.11.tgz",
      "integrity": "sha1-s56mIp72B+zYniyN8SU2iRysm40="
    },
    "lodash.get": {
      "version": "4.4.2",
      "resolved": "http://registry.npm.taobao.org/lodash.get/download/lodash.get-4.4.2.tgz",
      "integrity": "sha1-LRd/ZS+jHpObRDjVNBSZ36OCXpk="
    },
    "lodash.includes": {
      "version": "4.3.0",
      "resolved": "https://registry.npmjs.org/lodash.includes/-/lodash.includes-4.3.0.tgz",
      "integrity": "sha1-YLuYqHy5I8aMoeUTJUgzFISfVT8="
    },
    "lodash.isboolean": {
      "version": "3.0.3",
      "resolved": "https://registry.npmjs.org/lodash.isboolean/-/lodash.isboolean-3.0.3.tgz",
      "integrity": "sha1-bC4XHbKiV82WgC/UOwGyDV9YcPY="
    },
    "lodash.isequal": {
      "version": "4.5.0",
      "resolved": "http://registry.npm.taobao.org/lodash.isequal/download/lodash.isequal-4.5.0.tgz",
      "integrity": "sha1-QVxEePK8wwEgwizhDtMib30+GOA="
    },
    "lodash.isinteger": {
      "version": "4.0.4",
      "resolved": "https://registry.npmjs.org/lodash.isinteger/-/lodash.isinteger-4.0.4.tgz",
      "integrity": "sha1-YZwK89A/iwTDH1iChAt3sRzWg0M="
    },
    "lodash.isnumber": {
      "version": "3.0.3",
      "resolved": "https://registry.npmjs.org/lodash.isnumber/-/lodash.isnumber-3.0.3.tgz",
      "integrity": "sha1-POdoEMWSjQM1IwGsKHMX8RwLH/w="
    },
    "lodash.isplainobject": {
      "version": "4.0.6",
      "resolved": "https://registry.npmjs.org/lodash.isplainobject/-/lodash.isplainobject-4.0.6.tgz",
      "integrity": "sha1-fFJqUtibRcRcxpC4gWO+BJf1UMs="
    },
    "lodash.isstring": {
      "version": "4.0.1",
      "resolved": "https://registry.npmjs.org/lodash.isstring/-/lodash.isstring-4.0.1.tgz",
      "integrity": "sha1-1SfftUVuynzJu5XV2ur4i6VKVFE="
    },
    "lodash.once": {
      "version": "4.1.1",
      "resolved": "https://registry.npmjs.org/lodash.once/-/lodash.once-4.1.1.tgz",
      "integrity": "sha1-DdOXEhPHxW34gJd9UEyI+0cal6w="
    },
    "lru-cache": {
      "version": "4.1.3",
      "resolved": "https://registry.npmjs.org/lru-cache/-/lru-cache-4.1.3.tgz",
      "integrity": "sha512-fFEhvcgzuIoJVUF8fYr5KR0YqxD238zgObTps31YdADwPPAp82a4M8TrckkWyx7ekNlf9aBcVn81cFwwXngrJA==",
      "requires": {
        "pseudomap": "1.0.2",
        "yallist": "2.1.2"
      }
    },
    "mime-db": {
      "version": "1.36.0",
      "resolved": "https://registry.npmjs.org/mime-db/-/mime-db-1.36.0.tgz",
      "integrity": "sha512-L+xvyD9MkoYMXb1jAmzI/lWYAxAMCPvIBSWur0PZ5nOf5euahRLVqH//FKW9mWp2lkqUgYiXPgkzfMUFi4zVDw=="
    },
    "mimos": {
      "version": "4.0.0",
      "resolved": "https://registry.npmjs.org/mimos/-/mimos-4.0.0.tgz",
      "integrity": "sha512-JvlvRLqGIlk+AYypWrbrDmhsM+6JVx/xBM5S3AMwTBz1trPCEoPN/swO2L4Wu653fL7oJdgk8DMQyG/Gq3JkZg==",
      "requires": {
        "hoek": "5.0.4",
        "mime-db": "1.36.0"
      }
    },
    "minimist": {
      "version": "0.0.10",
      "resolved": "http://registry.npm.taobao.org/minimist/download/minimist-0.0.10.tgz",
      "integrity": "sha1-3j+YVD2/lggr5IrRoMfNqDYwHc8="
    },
    "ms": {
      "version": "2.1.1",
      "resolved": "http://registry.npm.taobao.org/ms/download/ms-2.1.1.tgz",
      "integrity": "sha1-MKWGTrPrsKZvLr5tcnrwagnYbgo="
    },
    "nigel": {
      "version": "3.0.1",
      "resolved": "https://registry.npmjs.org/nigel/-/nigel-3.0.1.tgz",
      "integrity": "sha512-kCVtUG9JyD//tsYrZY+/Y+2gUrANVSba8y23QkM5Znx0FOxlnl9Z4OVPBODmstKWTOvigfTO+Va1VPOu3eWSOQ==",
      "requires": {
        "hoek": "5.0.4",
        "vise": "3.0.0"
      }
    },
    "ono": {
      "version": "4.0.8",
      "resolved": "http://registry.npm.taobao.org/ono/download/ono-4.0.8.tgz",
      "integrity": "sha1-0bEuBIzYqf5dL79p061Cv3sP614=",
      "requires": {
        "format-util": "1.0.3"
      }
    },
    "optimist": {
      "version": "0.6.1",
      "resolved": "http://registry.npm.taobao.org/optimist/download/optimist-0.6.1.tgz",
      "integrity": "sha1-2j6nRob6IaGaERwybpDrFaAZZoY=",
      "requires": {
        "minimist": "0.0.10",
        "wordwrap": "0.0.3"
      }
    },
    "pez": {
      "version": "4.0.2",
      "resolved": "https://registry.npmjs.org/pez/-/pez-4.0.2.tgz",
      "integrity": "sha512-HuPxmGxHsEFPWhdkwBs2gIrHhFqktIxMtudISTFN95RQ85ZZAOl8Ki6u3nnN/X8OUaGlIGldk/l8p2IR4/i76w==",
      "requires": {
        "b64": "4.0.0",
        "boom": "7.2.0",
        "content": "4.0.5",
        "hoek": "5.0.4",
        "nigel": "3.0.1"
      }
    },
    "podium": {
      "version": "3.1.2",
      "resolved": "https://registry.npmjs.org/podium/-/podium-3.1.2.tgz",
      "integrity": "sha512-18VrjJAduIdPv7d9zWsfmKxTj3cQTYC5Pv5gtKxcWujYBpGbV+mhNSPYhlHW5xeWoazYyKfB9FEsPT12r5rY1A==",
      "requires": {
        "hoek": "5.0.4",
        "joi": "13.6.0"
      }
    },
    "pseudomap": {
      "version": "1.0.2",
      "resolved": "https://registry.npmjs.org/pseudomap/-/pseudomap-1.0.2.tgz",
      "integrity": "sha1-8FKijacOYYkX7wqKw0wa5aaChrM="
    },
    "punycode": {
      "version": "2.1.1",
      "resolved": "https://registry.npmjs.org/punycode/-/punycode-2.1.1.tgz",
      "integrity": "sha512-XRsRjdf+j5ml+y/6GKHPZbrF/8p2Yga0JPtdqTIY2Xe5ohJPD9saDJJLPvp9+NSBprVvevdXZybnj2cv8OEd0A=="
    },
    "safe-buffer": {
      "version": "5.1.2",
      "resolved": "https://registry.npmjs.org/safe-buffer/-/safe-buffer-5.1.2.tgz",
      "integrity": "sha512-Gd2UZBJDkXlY7GbJxfsE8/nvKkUEU1G38c1siN6QP6a9PT9MmHB8GnpscSmMJSoF8LOIrt8ud/wPtojys4G6+g=="
    },
    "shot": {
      "version": "4.0.5",
      "resolved": "https://registry.npmjs.org/shot/-/shot-4.0.5.tgz",
      "integrity": "sha1-x+dFXRHWD2ts08Q+FaO0McF+VWY=",
      "requires": {
        "hoek": "5.0.4",
        "joi": "13.6.0"
      }
    },
    "source-map": {
      "version": "0.6.1",
      "resolved": "http://registry.npm.taobao.org/source-map/download/source-map-0.6.1.tgz",
      "integrity": "sha1-dHIq8y6WFOnCh6jQu95IteLxomM="
    },
    "sprintf-js": {
      "version": "1.0.3",
      "resolved": "http://registry.npm.taobao.org/sprintf-js/download/sprintf-js-1.0.3.tgz",
      "integrity": "sha1-BOaSb2YolTVPPdAVIDYzuFcpfiw="
    },
    "statehood": {
      "version": "6.0.6",
      "resolved": "https://registry.npmjs.org/statehood/-/statehood-6.0.6.tgz",
      "integrity": "sha512-jR45n5ZMAkasw0xoE9j9TuLmJv4Sa3AkXe+6yIFT6a07kXYHgSbuD2OVGECdZGFxTmvNqLwL1iRIgvq6O6rq+A==",
      "requires": {
        "boom": "7.2.0",
        "bounce": "1.2.0",
        "cryptiles": "4.1.2",
        "hoek": "5.0.4",
        "iron": "5.0.4",
        "joi": "13.6.0"
      }
    },
    "subtext": {
      "version": "6.0.7",
      "resolved": "https://registry.npmjs.org/subtext/-/subtext-6.0.7.tgz",
      "integrity": "sha512-IcJUvRjeR+NB437Iq+LORFNJW4L6Knqkj3oQrBrkdhIaS2VKJvx/9aYEq7vi+PEx5/OuehOL/40SkSZotLi/MA==",
      "requires": {
        "boom": "7.2.0",
        "content": "4.0.5",
        "hoek": "5.0.4",
        "pez": "4.0.2",
        "wreck": "14.1.0"
      }
    },
    "swagger-methods": {
      "version": "1.0.4",
      "resolved": "http://registry.npm.taobao.org/swagger-methods/download/swagger-methods-1.0.4.tgz",
      "integrity": "sha1-LFuET0oiqy9edz+YGTwo44axw34="
    },
    "swagger-parser": {
      "version": "4.1.0",
      "resolved": "http://registry.npm.taobao.org/swagger-parser/download/swagger-parser-4.1.0.tgz",
      "integrity": "sha1-X7CMzAxau4+d58umxeQ3c22KEPU=",
      "requires": {
        "call-me-maybe": "1.0.1",
        "debug": "3.2.5",
        "json-schema-ref-parser": "5.1.3",
        "ono": "4.0.8",
        "swagger-methods": "1.0.4",
        "swagger-schema-official": "2.0.0-bab6bed",
        "z-schema": "3.23.0"
      },
      "dependencies": {
        "json-schema-ref-parser": {
          "version": "5.1.3",
          "resolved": "http://registry.npm.taobao.org/json-schema-ref-parser/download/json-schema-ref-parser-5.1.3.tgz",
          "integrity": "sha1-+GxYaPQImOaRaeG7yFRyWk/Q4a0=",
          "requires": {
            "call-me-maybe": "1.0.1",
            "debug": "3.2.5",
            "js-yaml": "3.12.0",
            "ono": "4.0.8"
          }
        }
      }
    },
    "swagger-schema-official": {
      "version": "2.0.0-bab6bed",
      "resolved": "http://registry.npm.taobao.org/swagger-schema-official/download/swagger-schema-official-2.0.0-bab6bed.tgz",
      "integrity": "sha1-cAcEaNbSl3ylI3suUZyn0Gouo/0="
    },
    "teamwork": {
      "version": "3.0.1",
      "resolved": "https://registry.npmjs.org/teamwork/-/teamwork-3.0.1.tgz",
      "integrity": "sha512-hEkJIpDOfOYe9NYaLFk00zQbzZeKNCY8T2pRH3I13Y1mJwxaSQ6NEsjY5rCp+11ezCiZpWGoGFTbOuhg4qKevQ=="
    },
    "topo": {
      "version": "3.0.0",
      "resolved": "https://registry.npmjs.org/topo/-/topo-3.0.0.tgz",
      "integrity": "sha512-Tlu1fGlR90iCdIPURqPiufqAlCZYzLjHYVVbcFWDMcX7+tK8hdZWAfsMrD/pBul9jqHHwFjNdf1WaxA9vTRRhw==",
      "requires": {
        "hoek": "5.0.4"
      }
    },
    "uglify-js": {
      "version": "3.4.9",
      "resolved": "http://registry.npm.taobao.org/uglify-js/download/uglify-js-3.4.9.tgz",
      "integrity": "sha1-rwLxgMEgfXZDLkc+0koo9KeCuuM=",
      "optional": true,
      "requires": {
        "commander": "2.17.1",
        "source-map": "0.6.1"
      }
    },
    "validator": {
      "version": "10.7.1",
      "resolved": "http://registry.npm.taobao.org/validator/download/validator-10.7.1.tgz",
      "integrity": "sha1-3UzHUMITTOShWirPx7IzZp1lnFs="
    },
    "vise": {
      "version": "3.0.0",
      "resolved": "https://registry.npmjs.org/vise/-/vise-3.0.0.tgz",
      "integrity": "sha512-kBFZLmiL1Vm3rHXphkhvvAcsjgeQXRrOFCbJb0I50YZZP4HGRNH+xGzK3matIMcpbsfr3I02u9odj4oCD0TWgA==",
      "requires": {
        "hoek": "5.0.4"
      }
    },
    "vision": {
      "version": "5.4.0",
      "resolved": "http://registry.npm.taobao.org/vision/download/vision-5.4.0.tgz",
      "integrity": "sha1-/GIN65UieIHqi42KBE3B0f1A5YQ=",
      "requires": {
        "boom": "7.2.0",
        "hoek": "5.0.4",
        "items": "2.1.1",
        "joi": "13.6.0"
      }
    },
    "wordwrap": {
      "version": "0.0.3",
      "resolved": "http://registry.npm.taobao.org/wordwrap/download/wordwrap-0.0.3.tgz",
      "integrity": "sha1-o9XabNXAvAAI03I0u68b7WMFkQc="
    },
    "wreck": {
      "version": "14.1.0",
      "resolved": "https://registry.npmjs.org/wreck/-/wreck-14.1.0.tgz",
      "integrity": "sha512-y/iwFhwdGoM8Hk1t1I4LbuLhM3curVD8STd5NcFI0c/4b4cQAMLcnCRxXX9sLQAggDC8dXYSaQNsT64hga6lvA==",
      "requires": {
        "boom": "7.2.0",
        "hoek": "5.0.4"
      }
    },
    "yallist": {
      "version": "2.1.2",
      "resolved": "https://registry.npmjs.org/yallist/-/yallist-2.1.2.tgz",
      "integrity": "sha1-HBH5IY8HYImkfdUS+TxmmaaoHVI="
    },
    "z-schema": {
      "version": "3.23.0",
      "resolved": "http://registry.npm.taobao.org/z-schema/download/z-schema-3.23.0.tgz",
      "integrity": "sha1-qAqIIpOKMDhZF2GmVaiZ8oM9XlE=",
      "requires": {
        "commander": "2.17.1",
        "lodash.get": "4.4.2",
        "lodash.isequal": "4.5.0",
        "validator": "10.7.1"
      }
    }
  }
}
